
Microsoft Visual Studio Solution File, Format Version 12.00
# Visual Studio 15
VisualStudioVersion = 15.0.26124.0
MinimumVisualStudioVersion = 15.0.26124.0
Project("{FAE04EC0-301F-11D3-BF4B-00C04F79EFBC}") = "Methoden", "Methoden\Methoden.csproj", "{6217EE00-2866-4DA3-BFF3-7862D20782D4}"
EndProject
Project("{FAE04EC0-301F-11D3-BF4B-00C04F79EFBC}") = "Satz-des-Pythagoras", "Satz-des-Pythagoras\Satz-des-Pythagoras.csproj", "{19010502-4851-4C46-8FD9-34FF62050185}"
EndProject
Project("{FAE04EC0-301F-11D3-BF4B-00C04F79EFBC}") = "Pokemon", "Pokemon\Pokemon.csproj", "{31E007A3-4188-4A18-A30F-37DE67D9C7B1}"
EndProject
Project("{FAE04EC0-301F-11D3-BF4B-00C04F79EFBC}") = "ForSchleife", "ForSchleife\ForSchleife.csproj", "{5C5BF410-B33B-4895-98F4-5546D7B9667E}"
EndProject
Global
	GlobalSection(SolutionConfigurationPlatforms) = preSolution
		Debug|Any CPU = Debug|Any CPU
		Debug|x64 = Debug|x64
		Debug|x86 = Debug|x86
		Release|Any CPU = Release|Any CPU
		Release|x64 = Release|x64
		Release|x86 = Release|x86
	EndGlobalSection
	GlobalSection(SolutionProperties) = preSolution
		HideSolutionNode = FALSE
	EndGlobalSection
	GlobalSection(ProjectConfigurationPlatforms) = postSolution
		{6217EE00-2866-4DA3-BFF3-7862D20782D4}.Debug|Any CPU.ActiveCfg = Debug|Any CPU
		{6217EE00-2866-4DA3-BFF3-7862D20782D4}.Debug|Any CPU.Build.0 = Debug|Any CPU
		{6217EE00-2866-4DA3-BFF3-7862D20782D4}.Debug|x64.ActiveCfg = Debug|Any CPU
		{6217EE00-2866-4DA3-BFF3-7862D20782D4}.Debug|x64.Build.0 = Debug|Any CPU
		{6217EE00-2866-4DA3-BFF3-7862D20782D4}.Debug|x86.ActiveCfg = Debug|Any CPU
		{6217EE00-2866-4DA3-BFF3-7862D20782D4}.Debug|x86.Build.0 = Debug|Any CPU
		{6217EE00-2866-4DA3-BFF3-7862D20782D4}.Release|Any CPU.ActiveCfg = Release|Any CPU
		{6217EE00-2866-4DA3-BFF3-7862D20782D4}.Release|Any CPU.Build.0 = Release|Any CPU
		{6217EE00-2866-4DA3-BFF3-7862D20782D4}.Release|x64.ActiveCfg = Release|Any CPU
		{6217EE00-2866-4DA3-BFF3-7862D20782D4}.Release|x64.Build.0 = Release|Any CPU
		{6217EE00-2866-4DA3-BFF3-7862D20782D4}.Release|x86.ActiveCfg = Release|Any CPU
		{6217EE00-2866-4DA3-BFF3-7862D20782D4}.Release|x86.Build.0 = Release|Any CPU
		{19010502-4851-4C46-8FD9-34FF62050185}.Debug|Any CPU.ActiveCfg = Debug|Any CPU
		{19010502-4851-4C46-8FD9-34FF62050185}.Debug|Any CPU.Build.0 = Debug|Any CPU
		{19010502-4851-4C46-8FD9-34FF62050185}.Debug|x64.ActiveCfg = Debug|Any CPU
		{19010502-4851-4C46-8FD9-34FF62050185}.Debug|x64.Build.0 = Debug|Any CPU
		{19010502-4851-4C46-8FD9-34FF62050185}.Debug|x86.ActiveCfg = Debug|Any CPU
		{19010502-4851-4C46-8FD9-34FF62050185}.Debug|x86.Build.0 = Debug|Any CPU
		{19010502-4851-4C46-8FD9-34FF62050185}.Release|Any CPU.ActiveCfg = Release|Any CPU
		{19010502-4851-4C46-8FD9-34FF62050185}.Release|Any CPU.Build.0 = Release|Any CPU
		{19010502-4851-4C46-8FD9-34FF62050185}.Release|x64.ActiveCfg = Release|Any CPU
		{19010502-4851-4C46-8FD9-34FF62050185}.Release|x64.Build.0 = Release|Any CPU
		{19010502-4851-4C46-8FD9-34FF62050185}.Release|x86.ActiveCfg = Release|Any CPU
		{19010502-4851-4C46-8FD9-34FF62050185}.Release|x86.Build.0 = Release|Any CPU
		{31E007A3-4188-4A18-A30F-37DE67D9C7B1}.Debug|Any CPU.ActiveCfg = Debug|Any CPU
		{31E007A3-4188-4A18-A30F-37DE67D9C7B1}.Debug|Any CPU.Build.0 = Debug|Any CPU
		{31E007A3-4188-4A18-A30F-37DE67D9C7B1}.Debug|x64.ActiveCfg = Debug|Any CPU
		{31E007A3-4188-4A18-A30F-37DE67D9C7B1}.Debug|x64.Build.0 = Debug|Any CPU
		{31E007A3-4188-4A18-A30F-37DE67D9C7B1}.Debug|x86.ActiveCfg = Debug|Any CPU
		{31E007A3-4188-4A18-A30F-37DE67D9C7B1}.Debug|x86.Build.0 = Debug|Any CPU
		{31E007A3-4188-4A18-A30F-37DE67D9C7B1}.Release|Any CPU.ActiveCfg = Release|Any CPU
		{31E007A3-4188-4A18-A30F-37DE67D9C7B1}.Release|Any CPU.Build.0 = Release|Any CPU
		{31E007A3-4188-4A18-A30F-37DE67D9C7B1}.Release|x64.ActiveCfg = Release|Any CPU
		{31E007A3-4188-4A18-A30F-37DE67D9C7B1}.Release|x64.Build.0 = Release|Any CPU
		{31E007A3-4188-4A18-A30F-37DE67D9C7B1}.Release|x86.ActiveCfg = Release|Any CPU
		{31E007A3-4188-4A18-A30F-37DE67D9C7B1}.Release|x86.Build.0 = Release|Any CPU
		{5C5BF410-B33B-4895-98F4-5546D7B9667E}.Debug|Any CPU.ActiveCfg = Debug|Any CPU
		{5C5BF410-B33B-4895-98F4-5546D7B9667E}.Debug|Any CPU.Build.0 = Debug|Any CPU
		{5C5BF410-B33B-4895-98F4-5546D7B9667E}.Debug|x64.ActiveCfg = Debug|Any CPU
		{5C5BF410-B33B-4895-98F4-5546D7B9667E}.Debug|x64.Build.0 = Debug|Any CPU
		{5C5BF410-B33B-4895-98F4-5546D7B9667E}.Debug|x86.ActiveCfg = Debug|Any CPU
		{5C5BF410-B33B-4895-98F4-5546D7B9667E}.Debug|x86.Build.0 = Debug|Any CPU
		{5C5BF410-B33B-4895-98F4-5546D7B9667E}.Release|Any CPU.ActiveCfg = Release|Any CPU
		{5C5BF410-B33B-4895-98F4-5546D7B9667E}.Release|Any CPU.Build.0 = Release|Any CPU
		{5C5BF410-B33B-4895-98F4-5546D7B9667E}.Release|x64.ActiveCfg = Release|Any CPU
		{5C5BF410-B33B-4895-98F4-5546D7B9667E}.Release|x64.Build.0 = Release|Any CPU
		{5C5BF410-B33B-4895-98F4-5546D7B9667E}.Release|x86.ActiveCfg = Release|Any CPU
		{5C5BF410-B33B-4895-98F4-5546D7B9667E}.Release|x86.Build.0 = Release|Any CPU
	EndGlobalSection
EndGlobal
